
Microsoft Visual Studio Solution File, Format Version 12.00
# Visual Studio Version 17
VisualStudioVersion = 17.1.32210.238
MinimumVisualStudioVersion = 10.0.40219.1
Project("{FAE04EC0-301F-11D3-BF4B-00C04F79EFBC}") = "AI Bank", "AI Bank.csproj", "{9C112EC7-A0B6-4CF1-85F8-B34C84EB36C9}"
EndProject
Global
	GlobalSection(SolutionConfigurationPlatforms) = preSolution
		Debug|Any CPU = Debug|Any CPU
		Release|Any CPU = Release|Any CPU
	EndGlobalSection
	GlobalSection(ProjectConfigurationPlatforms) = postSolution
		{9C112EC7-A0B6-4CF1-85F8-B34C84EB36C9}.Debug|Any CPU.ActiveCfg = Debug|Any CPU
		{9C112EC7-A0B6-4CF1-85F8-B34C84EB36C9}.Debug|Any CPU.Build.0 = Debug|Any CPU
		{9C112EC7-A0B6-4CF1-85F8-B34C84EB36C9}.Release|Any CPU.ActiveCfg = Release|Any CPU
		{9C112EC7-A0B6-4CF1-85F8-B34C84EB36C9}.Release|Any CPU.Build.0 = Release|Any CPU
	EndGlobalSection
	GlobalSection(SolutionProperties) = preSolution
		HideSolutionNode = FALSE
	EndGlobalSection
	GlobalSection(ExtensibilityGlobals) = postSolution
		SolutionGuid = {7D7B52E9-ACA9-445B-932A-BD40D26493D3}
	EndGlobalSection
EndGlobal
